
Microsoft Visual Studio Solution File, Format Version 12.00
# Visual Studio Version 17
VisualStudioVersion = 17.9.34728.123
MinimumVisualStudioVersion = 10.0.40219.1
Project("{FAE04EC0-301F-11D3-BF4B-00C04F79EFBC}") = "CacheCo.Console.Host", "CacheCo.Console.Host\CacheCo.Console.Host.csproj", "{9562DB07-1C48-4EE8-BCB9-673CB8A6CF7A}"
EndProject
Project("{FAE04EC0-301F-11D3-BF4B-00C04F79EFBC}") = "CacheCo.Provider", "CacheCo.Provider\CacheCo.Provider.csproj", "{CACEBEF0-D089-437D-B490-160E58CE1F58}"
EndProject
Project("{FAE04EC0-301F-11D3-BF4B-00C04F79EFBC}") = "CacheCo.Contracts", "CacheCo.Contracts\CacheCo.Contracts.csproj", "{B6EB4289-4518-4FCC-8D38-247C35615F99}"
EndProject
Global
	GlobalSection(SolutionConfigurationPlatforms) = preSolution
		Debug|Any CPU = Debug|Any CPU
		Release|Any CPU = Release|Any CPU
	EndGlobalSection
	GlobalSection(ProjectConfigurationPlatforms) = postSolution
		{9562DB07-1C48-4EE8-BCB9-673CB8A6CF7A}.Debug|Any CPU.ActiveCfg = Debug|Any CPU
		{9562DB07-1C48-4EE8-BCB9-673CB8A6CF7A}.Debug|Any CPU.Build.0 = Debug|Any CPU
		{9562DB07-1C48-4EE8-BCB9-673CB8A6CF7A}.Release|Any CPU.ActiveCfg = Release|Any CPU
		{9562DB07-1C48-4EE8-BCB9-673CB8A6CF7A}.Release|Any CPU.Build.0 = Release|Any CPU
		{CACEBEF0-D089-437D-B490-160E58CE1F58}.Debug|Any CPU.ActiveCfg = Debug|Any CPU
		{CACEBEF0-D089-437D-B490-160E58CE1F58}.Debug|Any CPU.Build.0 = Debug|Any CPU
		{CACEBEF0-D089-437D-B490-160E58CE1F58}.Release|Any CPU.ActiveCfg = Release|Any CPU
		{CACEBEF0-D089-437D-B490-160E58CE1F58}.Release|Any CPU.Build.0 = Release|Any CPU
		{B6EB4289-4518-4FCC-8D38-247C35615F99}.Debug|Any CPU.ActiveCfg = Debug|Any CPU
		{B6EB4289-4518-4FCC-8D38-247C35615F99}.Debug|Any CPU.Build.0 = Debug|Any CPU
		{B6EB4289-4518-4FCC-8D38-247C35615F99}.Release|Any CPU.ActiveCfg = Release|Any CPU
		{B6EB4289-4518-4FCC-8D38-247C35615F99}.Release|Any CPU.Build.0 = Release|Any CPU
	EndGlobalSection
	GlobalSection(SolutionProperties) = preSolution
		HideSolutionNode = FALSE
	EndGlobalSection
	GlobalSection(ExtensibilityGlobals) = postSolution
		SolutionGuid = {1FCFC90D-0839-437D-B705-FF4A2F5227F1}
	EndGlobalSection
EndGlobal
